PODS:
  - MRBanner (0.1.0):
    - SDWebImage
  - SDWebImage (5.0.0):
    - SDWebImage/Core (= 5.0.0)
  - SDWebImage/Core (5.0.0)

DEPENDENCIES:
  - MRBanner (from `../`)

SPEC REPOS:
  https://github.com/cocoapods/specs.git:
    - SDWebImage

EXTERNAL SOURCES:
  MRBanner:
    :path: "../"

SPEC CHECKSUMS:
  MRBanner: afc8631a5d20a796e3703e5c4ec776088ef9b5a8
  SDWebImage: 5de80a0302de9e377e62f47d2fa1304efff0e55f

PODFILE CHECKSUM: 612fd43b794ea5c0c845b6100a93ffbcf037d601

COCOAPODS: 1.6.1
